
Microsoft Visual Studio Solution File, Format Version 12.00
# Visual Studio Version 17
VisualStudioVersion = 17.14.37111.16
MinimumVisualStudioVersion = 10.0.40219.1
Project("{FAE04EC0-301F-11D3-BF4B-00C04F79EFBC}") = "26031018_sulljiun_class", "26031018_sulljiun_class.csproj", "{509BC237-FA99-4356-8B65-CF4B236C4AC4}"
EndProject
Project("{2150E333-8FDC-42A3-9474-1A3956D46DE8}") = "솔루션 항목", "솔루션 항목", "{2A3A057F-5D22-31FD-628C-DF5EF75AEF1E}"
	ProjectSection(SolutionItems) = preProject
		Player.cs = Player.cs
	EndProjectSection
EndProject
Global
	GlobalSection(SolutionConfigurationPlatforms) = preSolution
		Debug|Any CPU = Debug|Any CPU
		Release|Any CPU = Release|Any CPU
	EndGlobalSection
	GlobalSection(ProjectConfigurationPlatforms) = postSolution
		{509BC237-FA99-4356-8B65-CF4B236C4AC4}.Debug|Any CPU.ActiveCfg = Debug|Any CPU
		{509BC237-FA99-4356-8B65-CF4B236C4AC4}.Debug|Any CPU.Build.0 = Debug|Any CPU
		{509BC237-FA99-4356-8B65-CF4B236C4AC4}.Release|Any CPU.ActiveCfg = Release|Any CPU
		{509BC237-FA99-4356-8B65-CF4B236C4AC4}.Release|Any CPU.Build.0 = Release|Any CPU
	EndGlobalSection
	GlobalSection(SolutionProperties) = preSolution
		HideSolutionNode = FALSE
	EndGlobalSection
	GlobalSection(ExtensibilityGlobals) = postSolution
		SolutionGuid = {FE05227B-C072-4FCD-8010-6E592297E2B7}
	EndGlobalSection
EndGlobal
